
Microsoft Visual Studio Solution File, Format Version 11.00
# Visual Studio 2010
Project("{FAE04EC0-301F-11D3-BF4B-00C04F79EFBC}") = "OPS.Collection", "OPS.Collection\OPS.Collection.csproj", "{74914743-7506-414A-8F6B-45E5479F0127}"
EndProject
Project("{FAE04EC0-301F-11D3-BF4B-00C04F79EFBC}") = "OPS.Collection.TestApp", "OPS.Collection.TestApp\OPS.Collection.TestApp.csproj", "{F19EC62A-FCC9-4495-AF2A-D3B37995F32E}"
EndProject
Project("{FAE04EC0-301F-11D3-BF4B-00C04F79EFBC}") = "Collection.Web", "Collection.Web\Collection.Web.csproj", "{FDF44A96-D75E-4CF6-950F-E845B1D13339}"
EndProject
Global
	GlobalSection(SolutionConfigurationPlatforms) = preSolution
		Debug|Any CPU = Debug|Any CPU
		Release|Any CPU = Release|Any CPU
	EndGlobalSection
	GlobalSection(ProjectConfigurationPlatforms) = postSolution
		{74914743-7506-414A-8F6B-45E5479F0127}.Debug|Any CPU.ActiveCfg = Debug|Any CPU
		{74914743-7506-414A-8F6B-45E5479F0127}.Debug|Any CPU.Build.0 = Debug|Any CPU
		{74914743-7506-414A-8F6B-45E5479F0127}.Release|Any CPU.ActiveCfg = Release|Any CPU
		{74914743-7506-414A-8F6B-45E5479F0127}.Release|Any CPU.Build.0 = Release|Any CPU
		{F19EC62A-FCC9-4495-AF2A-D3B37995F32E}.Debug|Any CPU.ActiveCfg = Debug|Any CPU
		{F19EC62A-FCC9-4495-AF2A-D3B37995F32E}.Debug|Any CPU.Build.0 = Debug|Any CPU
		{F19EC62A-FCC9-4495-AF2A-D3B37995F32E}.Release|Any CPU.ActiveCfg = Release|Any CPU
		{F19EC62A-FCC9-4495-AF2A-D3B37995F32E}.Release|Any CPU.Build.0 = Release|Any CPU
		{FDF44A96-D75E-4CF6-950F-E845B1D13339}.Debug|Any CPU.ActiveCfg = Debug|Any CPU
		{FDF44A96-D75E-4CF6-950F-E845B1D13339}.Debug|Any CPU.Build.0 = Debug|Any CPU
		{FDF44A96-D75E-4CF6-950F-E845B1D13339}.Release|Any CPU.ActiveCfg = Release|Any CPU
		{FDF44A96-D75E-4CF6-950F-E845B1D13339}.Release|Any CPU.Build.0 = Release|Any CPU
	EndGlobalSection
	GlobalSection(SolutionProperties) = preSolution
		HideSolutionNode = FALSE
	EndGlobalSection
EndGlobal
