
Microsoft Visual Studio Solution File, Format Version 12.00
# Visual Studio 15
VisualStudioVersion = 15.0.26430.4
MinimumVisualStudioVersion = 10.0.40219.1
Project("{2150E333-8FDC-42A3-9474-1A3956D46DE8}") = "DevFw", "DevFw", "{D40F58FF-8D2E-4549-B680-68EE0D38CA00}"
EndProject
Project("{FAE04EC0-301F-11D3-BF4B-00C04F79EFBC}") = "JR.DevFw.Web", "core\J6.DevFw.Web\JR.DevFw.Web.csproj", "{4F756EAD-0C41-499C-AE91-660892B444AC}"
EndProject
Project("{2150E333-8FDC-42A3-9474-1A3956D46DE8}") = "Examples", "Examples", "{33331172-4E47-4F42-920E-9D4497C1988D}"
EndProject
Project("{2150E333-8FDC-42A3-9474-1A3956D46DE8}") = "Toolkit", "Toolkit", "{BCF72535-6C75-4DFB-BCDC-5242AAF7FE5D}"
EndProject
Project("{FAE04EC0-301F-11D3-BF4B-00C04F79EFBC}") = "JR.DevFw.Core", "core\J6.DevFw.Core\JR.DevFw.Core.csproj", "{44E05D6C-5B0A-453A-913F-00124D1BF435}"
EndProject
Project("{FAE04EC0-301F-11D3-BF4B-00C04F79EFBC}") = "JR.DevFw.Data", "core\J6.DevFw.Data\JR.DevFw.Data.csproj", "{1D053644-937A-4D8E-9740-43823183A39A}"
EndProject
Project("{FAE04EC0-301F-11D3-BF4B-00C04F79EFBC}") = "JR.DevFw.PluginKernel", "core\J6.DevFw.PluginKernel\kernel\JR.DevFw.PluginKernel.csproj", "{CAD14DCC-112C-4B28-98EB-1CE143D09033}"
EndProject
Project("{FAE04EC0-301F-11D3-BF4B-00C04F79EFBC}") = "JR.DevFw.Template", "core\J6.DevFw.Template\JR.DevFw.Template.csproj", "{275CAE3E-A9E0-4DE0-8031-E9137BBDD693}"
EndProject
Project("{FAE04EC0-301F-11D3-BF4B-00C04F79EFBC}") = "J6.DevFw.Toolkit.Data", "toolkit\J6.DevFw.Toolkit.Data\J6.DevFw.Toolkit.Data.csproj", "{8A5B5504-8D72-4F30-A50E-5856BE419DEA}"
EndProject
Project("{FAE04EC0-301F-11D3-BF4B-00C04F79EFBC}") = "J6.DevFw.Toolkit.NetCrawl", "toolkit\J6.DevFw.Toolkit.NetCrawl\NetCrawl\J6.DevFw.Toolkit.NetCrawl.csproj", "{74914743-7506-414A-8F6B-45E5479F0127}"
EndProject
Project("{FAE04EC0-301F-11D3-BF4B-00C04F79EFBC}") = "J6.DevFw.Toolkit.Region", "toolkit\J6.DevFw.Toolkit.Region\com.region\J6.DevFw.Toolkit.Region.csproj", "{84942A04-73A1-447A-9D39-CC1CF88B5158}"
EndProject
Project("{FAE04EC0-301F-11D3-BF4B-00C04F79EFBC}") = "J6.DevFw.Toolkit.Tags", "toolkit\J6.DevFw.Toolkit.Tags\J6.DevFw.Toolkit.Tags.csproj", "{1E9FCAD5-DF56-469B-BCEB-806BF9085A47}"
EndProject
Project("{FAE04EC0-301F-11D3-BF4B-00C04F79EFBC}") = "J6.DevFw.Toolkit.ThirdApi", "toolkit\J6.DevFw.Toolkit.ThirdApi\J6.DevFw.Toolkit.ThirdApi.csproj", "{D1FBD275-BF29-4823-970A-0F341BF99A9F}"
EndProject
Project("{FAE04EC0-301F-11D3-BF4B-00C04F79EFBC}") = "J6.DevFw.WebResource", "toolkit\J6.DevFw.WebResource\J6.DevFw.WebResource.csproj", "{6DFC3F5F-8B0D-4826-8FB0-5FA565E9E886}"
EndProject
Project("{FAE04EC0-301F-11D3-BF4B-00C04F79EFBC}") = "JR.DevFw.Web.Example", "examples\JR.DevFw.Web.Example\JR.DevFw.Web.Example.csproj", "{876E3277-D7D6-4DF6-811F-03D741DF11C4}"
EndProject
Project("{2150E333-8FDC-42A3-9474-1A3956D46DE8}") = "Test", "Test", "{2D8DC918-E3D2-42BA-9BBB-DB66C5BB34FC}"
EndProject
Project("{FAE04EC0-301F-11D3-BF4B-00C04F79EFBC}") = "JR.DevFw.UnitTest", "test\JR.DevFw.UnitTest\JR.DevFw.UnitTest.csproj", "{40A40E34-281E-4055-BD2B-33EF29DD9641}"
EndProject
Project("{FAE04EC0-301F-11D3-BF4B-00C04F79EFBC}") = "JR.Stand.Core", "JR.Stand.Core\JR.Stand.Core.csproj", "{F2F1298E-ECB7-4CAB-B520-1C05855FE713}"
EndProject
Global
	GlobalSection(SolutionConfigurationPlatforms) = preSolution
		Debug|Any CPU = Debug|Any CPU
		Debug|Mixed Platforms = Debug|Mixed Platforms
		Debug|x86 = Debug|x86
		Release|Any CPU = Release|Any CPU
		Release|Mixed Platforms = Release|Mixed Platforms
		Release|x86 = Release|x86
	EndGlobalSection
	GlobalSection(ProjectConfigurationPlatforms) = postSolution
		{4F756EAD-0C41-499C-AE91-660892B444AC}.Debug|Any CPU.ActiveCfg = Debug|Any CPU
		{4F756EAD-0C41-499C-AE91-660892B444AC}.Debug|Any CPU.Build.0 = Debug|Any CPU
		{4F756EAD-0C41-499C-AE91-660892B444AC}.Debug|Mixed Platforms.ActiveCfg = Debug|Any CPU
		{4F756EAD-0C41-499C-AE91-660892B444AC}.Debug|Mixed Platforms.Build.0 = Debug|Any CPU
		{4F756EAD-0C41-499C-AE91-660892B444AC}.Debug|x86.ActiveCfg = Debug|Any CPU
		{4F756EAD-0C41-499C-AE91-660892B444AC}.Release|Any CPU.ActiveCfg = Release|Any CPU
		{4F756EAD-0C41-499C-AE91-660892B444AC}.Release|Any CPU.Build.0 = Release|Any CPU
		{4F756EAD-0C41-499C-AE91-660892B444AC}.Release|Mixed Platforms.ActiveCfg = Release|Any CPU
		{4F756EAD-0C41-499C-AE91-660892B444AC}.Release|Mixed Platforms.Build.0 = Release|Any CPU
		{4F756EAD-0C41-499C-AE91-660892B444AC}.Release|x86.ActiveCfg = Release|Any CPU
		{44E05D6C-5B0A-453A-913F-00124D1BF435}.Debug|Any CPU.ActiveCfg = Debug|Any CPU
		{44E05D6C-5B0A-453A-913F-00124D1BF435}.Debug|Any CPU.Build.0 = Debug|Any CPU
		{44E05D6C-5B0A-453A-913F-00124D1BF435}.Debug|Mixed Platforms.ActiveCfg = Debug|Any CPU
		{44E05D6C-5B0A-453A-913F-00124D1BF435}.Debug|Mixed Platforms.Build.0 = Debug|Any CPU
		{44E05D6C-5B0A-453A-913F-00124D1BF435}.Debug|x86.ActiveCfg = Debug|Any CPU
		{44E05D6C-5B0A-453A-913F-00124D1BF435}.Release|Any CPU.ActiveCfg = Release|Any CPU
		{44E05D6C-5B0A-453A-913F-00124D1BF435}.Release|Any CPU.Build.0 = Release|Any CPU
		{44E05D6C-5B0A-453A-913F-00124D1BF435}.Release|Mixed Platforms.ActiveCfg = Release|Any CPU
		{44E05D6C-5B0A-453A-913F-00124D1BF435}.Release|Mixed Platforms.Build.0 = Release|Any CPU
		{44E05D6C-5B0A-453A-913F-00124D1BF435}.Release|x86.ActiveCfg = Release|Any CPU
		{1D053644-937A-4D8E-9740-43823183A39A}.Debug|Any CPU.ActiveCfg = Debug|Any CPU
		{1D053644-937A-4D8E-9740-43823183A39A}.Debug|Any CPU.Build.0 = Debug|Any CPU
		{1D053644-937A-4D8E-9740-43823183A39A}.Debug|Mixed Platforms.ActiveCfg = Debug|Any CPU
		{1D053644-937A-4D8E-9740-43823183A39A}.Debug|Mixed Platforms.Build.0 = Debug|Any CPU
		{1D053644-937A-4D8E-9740-43823183A39A}.Debug|x86.ActiveCfg = Debug|Any CPU
		{1D053644-937A-4D8E-9740-43823183A39A}.Release|Any CPU.ActiveCfg = Release|Any CPU
		{1D053644-937A-4D8E-9740-43823183A39A}.Release|Any CPU.Build.0 = Release|Any CPU
		{1D053644-937A-4D8E-9740-43823183A39A}.Release|Mixed Platforms.ActiveCfg = Release|Any CPU
		{1D053644-937A-4D8E-9740-43823183A39A}.Release|Mixed Platforms.Build.0 = Release|Any CPU
		{1D053644-937A-4D8E-9740-43823183A39A}.Release|x86.ActiveCfg = Release|Any CPU
		{CAD14DCC-112C-4B28-98EB-1CE143D09033}.Debug|Any CPU.ActiveCfg = Debug|Any CPU
		{CAD14DCC-112C-4B28-98EB-1CE143D09033}.Debug|Any CPU.Build.0 = Debug|Any CPU
		{CAD14DCC-112C-4B28-98EB-1CE143D09033}.Debug|Mixed Platforms.ActiveCfg = Debug|Any CPU
		{CAD14DCC-112C-4B28-98EB-1CE143D09033}.Debug|Mixed Platforms.Build.0 = Debug|Any CPU
		{CAD14DCC-112C-4B28-98EB-1CE143D09033}.Debug|x86.ActiveCfg = Debug|Any CPU
		{CAD14DCC-112C-4B28-98EB-1CE143D09033}.Release|Any CPU.ActiveCfg = Release|Any CPU
		{CAD14DCC-112C-4B28-98EB-1CE143D09033}.Release|Any CPU.Build.0 = Release|Any CPU
		{CAD14DCC-112C-4B28-98EB-1CE143D09033}.Release|Mixed Platforms.ActiveCfg = Release|Any CPU
		{CAD14DCC-112C-4B28-98EB-1CE143D09033}.Release|Mixed Platforms.Build.0 = Release|Any CPU
		{CAD14DCC-112C-4B28-98EB-1CE143D09033}.Release|x86.ActiveCfg = Release|Any CPU
		{275CAE3E-A9E0-4DE0-8031-E9137BBDD693}.Debug|Any CPU.ActiveCfg = Debug|Any CPU
		{275CAE3E-A9E0-4DE0-8031-E9137BBDD693}.Debug|Any CPU.Build.0 = Debug|Any CPU
		{275CAE3E-A9E0-4DE0-8031-E9137BBDD693}.Debug|Mixed Platforms.ActiveCfg = Debug|Any CPU
		{275CAE3E-A9E0-4DE0-8031-E9137BBDD693}.Debug|Mixed Platforms.Build.0 = Debug|Any CPU
		{275CAE3E-A9E0-4DE0-8031-E9137BBDD693}.Debug|x86.ActiveCfg = Debug|Any CPU
		{275CAE3E-A9E0-4DE0-8031-E9137BBDD693}.Release|Any CPU.ActiveCfg = Release|Any CPU
		{275CAE3E-A9E0-4DE0-8031-E9137BBDD693}.Release|Any CPU.Build.0 = Release|Any CPU
		{275CAE3E-A9E0-4DE0-8031-E9137BBDD693}.Release|Mixed Platforms.ActiveCfg = Release|Any CPU
		{275CAE3E-A9E0-4DE0-8031-E9137BBDD693}.Release|Mixed Platforms.Build.0 = Release|Any CPU
		{275CAE3E-A9E0-4DE0-8031-E9137BBDD693}.Release|x86.ActiveCfg = Release|Any CPU
		{8A5B5504-8D72-4F30-A50E-5856BE419DEA}.Debug|Any CPU.ActiveCfg = Debug|Any CPU
		{8A5B5504-8D72-4F30-A50E-5856BE419DEA}.Debug|Any CPU.Build.0 = Debug|Any CPU
		{8A5B5504-8D72-4F30-A50E-5856BE419DEA}.Debug|Mixed Platforms.ActiveCfg = Debug|Any CPU
		{8A5B5504-8D72-4F30-A50E-5856BE419DEA}.Debug|Mixed Platforms.Build.0 = Debug|Any CPU
		{8A5B5504-8D72-4F30-A50E-5856BE419DEA}.Debug|x86.ActiveCfg = Debug|Any CPU
		{8A5B5504-8D72-4F30-A50E-5856BE419DEA}.Release|Any CPU.ActiveCfg = Release|Any CPU
		{8A5B5504-8D72-4F30-A50E-5856BE419DEA}.Release|Any CPU.Build.0 = Release|Any CPU
		{8A5B5504-8D72-4F30-A50E-5856BE419DEA}.Release|Mixed Platforms.ActiveCfg = Release|Any CPU
		{8A5B5504-8D72-4F30-A50E-5856BE419DEA}.Release|Mixed Platforms.Build.0 = Release|Any CPU
		{8A5B5504-8D72-4F30-A50E-5856BE419DEA}.Release|x86.ActiveCfg = Release|Any CPU
		{74914743-7506-414A-8F6B-45E5479F0127}.Debug|Any CPU.ActiveCfg = Debug|Any CPU
		{74914743-7506-414A-8F6B-45E5479F0127}.Debug|Any CPU.Build.0 = Debug|Any CPU
		{74914743-7506-414A-8F6B-45E5479F0127}.Debug|Mixed Platforms.ActiveCfg = Debug|Any CPU
		{74914743-7506-414A-8F6B-45E5479F0127}.Debug|Mixed Platforms.Build.0 = Debug|Any CPU
		{74914743-7506-414A-8F6B-45E5479F0127}.Debug|x86.ActiveCfg = Debug|Any CPU
		{74914743-7506-414A-8F6B-45E5479F0127}.Release|Any CPU.ActiveCfg = Release|Any CPU
		{74914743-7506-414A-8F6B-45E5479F0127}.Release|Any CPU.Build.0 = Release|Any CPU
		{74914743-7506-414A-8F6B-45E5479F0127}.Release|Mixed Platforms.ActiveCfg = Release|Any CPU
		{74914743-7506-414A-8F6B-45E5479F0127}.Release|Mixed Platforms.Build.0 = Release|Any CPU
		{74914743-7506-414A-8F6B-45E5479F0127}.Release|x86.ActiveCfg = Release|Any CPU
		{84942A04-73A1-447A-9D39-CC1CF88B5158}.Debug|Any CPU.ActiveCfg = Debug|Any CPU
		{84942A04-73A1-447A-9D39-CC1CF88B5158}.Debug|Any CPU.Build.0 = Debug|Any CPU
		{84942A04-73A1-447A-9D39-CC1CF88B5158}.Debug|Mixed Platforms.ActiveCfg = Debug|Any CPU
		{84942A04-73A1-447A-9D39-CC1CF88B5158}.Debug|Mixed Platforms.Build.0 = Debug|Any CPU
		{84942A04-73A1-447A-9D39-CC1CF88B5158}.Debug|x86.ActiveCfg = Debug|Any CPU
		{84942A04-73A1-447A-9D39-CC1CF88B5158}.Release|Any CPU.ActiveCfg = Release|Any CPU
		{84942A04-73A1-447A-9D39-CC1CF88B5158}.Release|Any CPU.Build.0 = Release|Any CPU
		{84942A04-73A1-447A-9D39-CC1CF88B5158}.Release|Mixed Platforms.ActiveCfg = Release|Any CPU
		{84942A04-73A1-447A-9D39-CC1CF88B5158}.Release|Mixed Platforms.Build.0 = Release|Any CPU
		{84942A04-73A1-447A-9D39-CC1CF88B5158}.Release|x86.ActiveCfg = Release|Any CPU
		{1E9FCAD5-DF56-469B-BCEB-806BF9085A47}.Debug|Any CPU.ActiveCfg = Debug|Any CPU
		{1E9FCAD5-DF56-469B-BCEB-806BF9085A47}.Debug|Any CPU.Build.0 = Debug|Any CPU
		{1E9FCAD5-DF56-469B-BCEB-806BF9085A47}.Debug|Mixed Platforms.ActiveCfg = Debug|Any CPU
		{1E9FCAD5-DF56-469B-BCEB-806BF9085A47}.Debug|Mixed Platforms.Build.0 = Debug|Any CPU
		{1E9FCAD5-DF56-469B-BCEB-806BF9085A47}.Debug|x86.ActiveCfg = Debug|Any CPU
		{1E9FCAD5-DF56-469B-BCEB-806BF9085A47}.Release|Any CPU.ActiveCfg = Release|Any CPU
		{1E9FCAD5-DF56-469B-BCEB-806BF9085A47}.Release|Any CPU.Build.0 = Release|Any CPU
		{1E9FCAD5-DF56-469B-BCEB-806BF9085A47}.Release|Mixed Platforms.ActiveCfg = Release|Any CPU
		{1E9FCAD5-DF56-469B-BCEB-806BF9085A47}.Release|Mixed Platforms.Build.0 = Release|Any CPU
		{1E9FCAD5-DF56-469B-BCEB-806BF9085A47}.Release|x86.ActiveCfg = Release|Any CPU
		{D1FBD275-BF29-4823-970A-0F341BF99A9F}.Debug|Any CPU.ActiveCfg = Debug|Any CPU
		{D1FBD275-BF29-4823-970A-0F341BF99A9F}.Debug|Any CPU.Build.0 = Debug|Any CPU
		{D1FBD275-BF29-4823-970A-0F341BF99A9F}.Debug|Mixed Platforms.ActiveCfg = Debug|x86
		{D1FBD275-BF29-4823-970A-0F341BF99A9F}.Debug|Mixed Platforms.Build.0 = Debug|x86
		{D1FBD275-BF29-4823-970A-0F341BF99A9F}.Debug|x86.ActiveCfg = Debug|x86
		{D1FBD275-BF29-4823-970A-0F341BF99A9F}.Debug|x86.Build.0 = Debug|x86
		{D1FBD275-BF29-4823-970A-0F341BF99A9F}.Release|Any CPU.ActiveCfg = Release|Any CPU
		{D1FBD275-BF29-4823-970A-0F341BF99A9F}.Release|Any CPU.Build.0 = Release|Any CPU
		{D1FBD275-BF29-4823-970A-0F341BF99A9F}.Release|Mixed Platforms.ActiveCfg = Release|x86
		{D1FBD275-BF29-4823-970A-0F341BF99A9F}.Release|Mixed Platforms.Build.0 = Release|x86
		{D1FBD275-BF29-4823-970A-0F341BF99A9F}.Release|x86.ActiveCfg = Release|x86
		{D1FBD275-BF29-4823-970A-0F341BF99A9F}.Release|x86.Build.0 = Release|x86
		{6DFC3F5F-8B0D-4826-8FB0-5FA565E9E886}.Debug|Any CPU.ActiveCfg = Debug|Any CPU
		{6DFC3F5F-8B0D-4826-8FB0-5FA565E9E886}.Debug|Any CPU.Build.0 = Debug|Any CPU
		{6DFC3F5F-8B0D-4826-8FB0-5FA565E9E886}.Debug|Mixed Platforms.ActiveCfg = Debug|Any CPU
		{6DFC3F5F-8B0D-4826-8FB0-5FA565E9E886}.Debug|Mixed Platforms.Build.0 = Debug|Any CPU
		{6DFC3F5F-8B0D-4826-8FB0-5FA565E9E886}.Debug|x86.ActiveCfg = Debug|Any CPU
		{6DFC3F5F-8B0D-4826-8FB0-5FA565E9E886}.Release|Any CPU.ActiveCfg = Release|Any CPU
		{6DFC3F5F-8B0D-4826-8FB0-5FA565E9E886}.Release|Any CPU.Build.0 = Release|Any CPU
		{6DFC3F5F-8B0D-4826-8FB0-5FA565E9E886}.Release|Mixed Platforms.ActiveCfg = Release|Any CPU
		{6DFC3F5F-8B0D-4826-8FB0-5FA565E9E886}.Release|Mixed Platforms.Build.0 = Release|Any CPU
		{6DFC3F5F-8B0D-4826-8FB0-5FA565E9E886}.Release|x86.ActiveCfg = Release|Any CPU
		{876E3277-D7D6-4DF6-811F-03D741DF11C4}.Debug|Any CPU.ActiveCfg = Debug|Any CPU
		{876E3277-D7D6-4DF6-811F-03D741DF11C4}.Debug|Any CPU.Build.0 = Debug|Any CPU
		{876E3277-D7D6-4DF6-811F-03D741DF11C4}.Debug|Mixed Platforms.ActiveCfg = Debug|Any CPU
		{876E3277-D7D6-4DF6-811F-03D741DF11C4}.Debug|Mixed Platforms.Build.0 = Debug|Any CPU
		{876E3277-D7D6-4DF6-811F-03D741DF11C4}.Debug|x86.ActiveCfg = Debug|Any CPU
		{876E3277-D7D6-4DF6-811F-03D741DF11C4}.Debug|x86.Build.0 = Debug|Any CPU
		{876E3277-D7D6-4DF6-811F-03D741DF11C4}.Release|Any CPU.ActiveCfg = Release|Any CPU
		{876E3277-D7D6-4DF6-811F-03D741DF11C4}.Release|Any CPU.Build.0 = Release|Any CPU
		{876E3277-D7D6-4DF6-811F-03D741DF11C4}.Release|Mixed Platforms.ActiveCfg = Release|Any CPU
		{876E3277-D7D6-4DF6-811F-03D741DF11C4}.Release|Mixed Platforms.Build.0 = Release|Any CPU
		{876E3277-D7D6-4DF6-811F-03D741DF11C4}.Release|x86.ActiveCfg = Release|Any CPU
		{876E3277-D7D6-4DF6-811F-03D741DF11C4}.Release|x86.Build.0 = Release|Any CPU
		{40A40E34-281E-4055-BD2B-33EF29DD9641}.Debug|Any CPU.ActiveCfg = Debug|Any CPU
		{40A40E34-281E-4055-BD2B-33EF29DD9641}.Debug|Any CPU.Build.0 = Debug|Any CPU
		{40A40E34-281E-4055-BD2B-33EF29DD9641}.Debug|Mixed Platforms.ActiveCfg = Debug|Any CPU
		{40A40E34-281E-4055-BD2B-33EF29DD9641}.Debug|Mixed Platforms.Build.0 = Debug|Any CPU
		{40A40E34-281E-4055-BD2B-33EF29DD9641}.Debug|x86.ActiveCfg = Debug|Any CPU
		{40A40E34-281E-4055-BD2B-33EF29DD9641}.Debug|x86.Build.0 = Debug|Any CPU
		{40A40E34-281E-4055-BD2B-33EF29DD9641}.Release|Any CPU.ActiveCfg = Release|Any CPU
		{40A40E34-281E-4055-BD2B-33EF29DD9641}.Release|Any CPU.Build.0 = Release|Any CPU
		{40A40E34-281E-4055-BD2B-33EF29DD9641}.Release|Mixed Platforms.ActiveCfg = Release|Any CPU
		{40A40E34-281E-4055-BD2B-33EF29DD9641}.Release|Mixed Platforms.Build.0 = Release|Any CPU
		{40A40E34-281E-4055-BD2B-33EF29DD9641}.Release|x86.ActiveCfg = Release|Any CPU
		{40A40E34-281E-4055-BD2B-33EF29DD9641}.Release|x86.Build.0 = Release|Any CPU
		{F2F1298E-ECB7-4CAB-B520-1C05855FE713}.Debug|Any CPU.ActiveCfg = Debug|Any CPU
		{F2F1298E-ECB7-4CAB-B520-1C05855FE713}.Debug|Any CPU.Build.0 = Debug|Any CPU
		{F2F1298E-ECB7-4CAB-B520-1C05855FE713}.Debug|Mixed Platforms.ActiveCfg = Debug|Any CPU
		{F2F1298E-ECB7-4CAB-B520-1C05855FE713}.Debug|Mixed Platforms.Build.0 = Debug|Any CPU
		{F2F1298E-ECB7-4CAB-B520-1C05855FE713}.Debug|x86.ActiveCfg = Debug|Any CPU
		{F2F1298E-ECB7-4CAB-B520-1C05855FE713}.Debug|x86.Build.0 = Debug|Any CPU
		{F2F1298E-ECB7-4CAB-B520-1C05855FE713}.Release|Any CPU.ActiveCfg = Release|Any CPU
		{F2F1298E-ECB7-4CAB-B520-1C05855FE713}.Release|Any CPU.Build.0 = Release|Any CPU
		{F2F1298E-ECB7-4CAB-B520-1C05855FE713}.Release|Mixed Platforms.ActiveCfg = Release|Any CPU
		{F2F1298E-ECB7-4CAB-B520-1C05855FE713}.Release|Mixed Platforms.Build.0 = Release|Any CPU
		{F2F1298E-ECB7-4CAB-B520-1C05855FE713}.Release|x86.ActiveCfg = Release|Any CPU
		{F2F1298E-ECB7-4CAB-B520-1C05855FE713}.Release|x86.Build.0 = Release|Any CPU
	EndGlobalSection
	GlobalSection(SolutionProperties) = preSolution
		HideSolutionNode = FALSE
	EndGlobalSection
	GlobalSection(NestedProjects) = preSolution
		{4F756EAD-0C41-499C-AE91-660892B444AC} = {D40F58FF-8D2E-4549-B680-68EE0D38CA00}
		{44E05D6C-5B0A-453A-913F-00124D1BF435} = {D40F58FF-8D2E-4549-B680-68EE0D38CA00}
		{1D053644-937A-4D8E-9740-43823183A39A} = {D40F58FF-8D2E-4549-B680-68EE0D38CA00}
		{CAD14DCC-112C-4B28-98EB-1CE143D09033} = {D40F58FF-8D2E-4549-B680-68EE0D38CA00}
		{275CAE3E-A9E0-4DE0-8031-E9137BBDD693} = {D40F58FF-8D2E-4549-B680-68EE0D38CA00}
		{8A5B5504-8D72-4F30-A50E-5856BE419DEA} = {BCF72535-6C75-4DFB-BCDC-5242AAF7FE5D}
		{74914743-7506-414A-8F6B-45E5479F0127} = {BCF72535-6C75-4DFB-BCDC-5242AAF7FE5D}
		{84942A04-73A1-447A-9D39-CC1CF88B5158} = {BCF72535-6C75-4DFB-BCDC-5242AAF7FE5D}
		{1E9FCAD5-DF56-469B-BCEB-806BF9085A47} = {BCF72535-6C75-4DFB-BCDC-5242AAF7FE5D}
		{D1FBD275-BF29-4823-970A-0F341BF99A9F} = {BCF72535-6C75-4DFB-BCDC-5242AAF7FE5D}
		{6DFC3F5F-8B0D-4826-8FB0-5FA565E9E886} = {BCF72535-6C75-4DFB-BCDC-5242AAF7FE5D}
		{876E3277-D7D6-4DF6-811F-03D741DF11C4} = {33331172-4E47-4F42-920E-9D4497C1988D}
		{40A40E34-281E-4055-BD2B-33EF29DD9641} = {2D8DC918-E3D2-42BA-9BBB-DB66C5BB34FC}
		{F2F1298E-ECB7-4CAB-B520-1C05855FE713} = {D40F58FF-8D2E-4549-B680-68EE0D38CA00}
	EndGlobalSection
	GlobalSection(TestCaseManagementSettings) = postSolution
		CategoryFile = OPS.BaseLib.vsmdi
	EndGlobalSection
EndGlobal
